
Microsoft Visual Studio Solution File, Format Version 12.00
# Visual Studio Version 16
VisualStudioVersion = 16.0.31515.178
MinimumVisualStudioVersion = 10.0.40219.1
Project("{888888A0-9F3D-457C-B088-3A5042F75D52}") = "Movie Guide - Part 1", "Movie Guide - Part 1.pyproj", "{B0B88981-C4E4-4E6B-9938-5D3A1892705B}"
EndProject
Global
	GlobalSection(SolutionConfigurationPlatforms) = preSolution
		Debug|Any CPU = Debug|Any CPU
		Release|Any CPU = Release|Any CPU
	EndGlobalSection
	GlobalSection(ProjectConfigurationPlatforms) = postSolution
		{B0B88981-C4E4-4E6B-9938-5D3A1892705B}.Debug|Any CPU.ActiveCfg = Debug|Any CPU
		{B0B88981-C4E4-4E6B-9938-5D3A1892705B}.Release|Any CPU.ActiveCfg = Release|Any CPU
	EndGlobalSection
	GlobalSection(SolutionProperties) = preSolution
		HideSolutionNode = FALSE
	EndGlobalSection
	GlobalSection(ExtensibilityGlobals) = postSolution
		SolutionGuid = {048B3D1B-B721-45E0-BF40-260A87FF362D}
	EndGlobalSection
EndGlobal
